// !$*UTF8*$!
{
	archiveVersion = 1;
	classes = {
	};
	objectVersion = 50;
	objects = {

/* Begin PBXBuildFile section */
		27C58A41219B4CEF0036E0D0 /* AppDelegate.swift in Sources */ = {isa = PBXBuildFile; fileRef = 27C58A40219B4CEF0036E0D0 /* AppDelegate.swift */; };
		27C58A43219B4CEF0036E0D0 /* ViewController.swift in Sources */ = {isa = PBXBuildFile; fileRef = 27C58A42219B4CEF0036E0D0 /* ViewController.swift */; };
		27C58A46219B4CEF0036E0D0 /* Main.storyboard in Resources */ = {isa = PBXBuildFile; fileRef = 27C58A44219B4CEF0036E0D0 /* Main.storyboard */; };
		27C58A48219B4CF10036E0D0 /* Assets.xcassets in Resources */ = {isa = PBXBuildFile; fileRef = 27C58A47219B4CF10036E0D0 /* Assets.xcassets */; };
		27C58A4B219B4CF10036E0D0 /* LaunchScreen.storyboard in Resources */ = {isa = PBXBuildFile; fileRef = 27C58A49219B4CF10036E0D0 /* LaunchScreen.storyboard */; };
		27C58A53219B4D430036E0D0 /* SKSpriteNode+Utility.swift in Sources */ = {isa = PBXBuildFile; fileRef = 27C58A52219B4D430036E0D0 /* SKSpriteNode+Utility.swift */; };
		27C58A55219B4D570036E0D0 /* Crab.xcassets in Resources */ = {isa = PBXBuildFile; fileRef = 27C58A54219B4D570036E0D0 /* Crab.xcassets */; };
		27C58A57219B53740036E0D0 /* CustomScene.swift in Sources */ = {isa = PBXBuildFile; fileRef = 27C58A56219B53740036E0D0 /* CustomScene.swift */; };
/* End PBXBuildFile section */

/* Begin PBXFileReference section */
		27C58A3D219B4CEF0036E0D0 /* SpriteUtility.app */ = {isa = PBXFileReference; explicitFileType = wrapper.application; includeInIndex = 0; path = SpriteUtility.app; sourceTree = BUILT_PRODUCTS_DIR; };
		27C58A40219B4CEF0036E0D0 /* AppDelegate.swift */ = {isa = PBXFileReference; lastKnownFileType = sourcecode.swift; path = AppDelegate.swift; sourceTree = "<group>"; };
		27C58A42219B4CEF0036E0D0 /* ViewController.swift */ = {isa = PBXFileReference; lastKnownFileType = sourcecode.swift; path = ViewController.swift; sourceTree = "<group>"; };
		27C58A45219B4CEF0036E0D0 /* Base */ = {isa = PBXFileReference; lastKnownFileType = file.storyboard; name = Base; path = Base.lproj/Main.storyboard; sourceTree = "<group>"; };
		27C58A47219B4CF10036E0D0 /* Assets.xcassets */ = {isa = PBXFileReference; lastKnownFileType = folder.assetcatalog; path = Assets.xcassets; sourceTree = "<group>"; };
		27C58A4A219B4CF10036E0D0 /* Base */ = {isa = PBXFileReference; lastKnownFileType = file.storyboard; name = Base; path = Base.lproj/LaunchScreen.storyboard; sourceTree = "<group>"; };
		27C58A4C219B4CF10036E0D0 /* Info.plist */ = {isa = PBXFileReference; lastKnownFileType = text.plist.xml; path = Info.plist; sourceTree = "<group>"; };
		27C58A52219B4D430036E0D0 /* SKSpriteNode+Utility.swift */ = {isa = PBXFileReference; fileEncoding = 4; lastKnownFileType = sourcecode.swift; name = "SKSpriteNode+Utility.swift"; path = "../../SKSpriteNode+Utility.swift"; sourceTree = "<group>"; };
		27C58A54219B4D570036E0D0 /* Crab.xcassets */ = {isa = PBXFileReference; lastKnownFileType = folder.assetcatalog; name = Crab.xcassets; path = ../../Crab.xcassets; sourceTree = "<group>"; };
		27C58A56219B53740036E0D0 /* CustomScene.swift */ = {isa = PBXFileReference; lastKnownFileType = sourcecode.swift; path = CustomScene.swift; sourceTree = "<group>"; };
/* End PBXFileReference section */

/* Begin PBXFrameworksBuildPhase section */
		27C58A3A219B4CEF0036E0D0 /* Frameworks */ = {
			isa = PBXFrameworksBuildPhase;
			buildActionMask = 2147483647;
			files = (
			);
			runOnlyForDeploymentPostprocessing = 0;
		};
/* End PBXFrameworksBuildPhase section */

/* Begin PBXGroup section */
		27C58A34219B4CEF0036E0D0 = {
			isa = PBXGroup;
			children = (
				27C58A3F219B4CEF0036E0D0 /* SpriteUtility */,
				27C58A3E219B4CEF0036E0D0 /* Products */,
			);
			sourceTree = "<group>";
		};
		27C58A3E219B4CEF0036E0D0 /* Products */ = {
			isa = PBXGroup;
			children = (
				27C58A3D219B4CEF0036E0D0 /* SpriteUtility.app */,
			);
			name = Products;
			sourceTree = "<group>";
		};
		27C58A3F219B4CEF0036E0D0 /* SpriteUtility */ = {
			isa = PBXGroup;
			children = (
				27C58A49219B4CF10036E0D0 /* LaunchScreen.storyboard */,
				27C58A47219B4CF10036E0D0 /* Assets.xcassets */,
				27C58A54219B4D570036E0D0 /* Crab.xcassets */,
				27C58A4C219B4CF10036E0D0 /* Info.plist */,
				27C58A40219B4CEF0036E0D0 /* AppDelegate.swift */,
				27C58A42219B4CEF0036E0D0 /* ViewController.swift */,
				27C58A44219B4CEF0036E0D0 /* Main.storyboard */,
				27C58A56219B53740036E0D0 /* CustomScene.swift */,
				27C58A52219B4D430036E0D0 /* SKSpriteNode+Utility.swift */,
			);
			path = SpriteUtility;
			sourceTree = "<group>";
		};
/* End PBXGroup section */

/* Begin PBXNativeTarget section */
		27C58A3C219B4CEF0036E0D0 /* SpriteUtility */ = {
			isa = PBXNativeTarget;
			buildConfigurationList = 27C58A4F219B4CF10036E0D0 /* Build configuration list for PBXNativeTarget "SpriteUtility" */;
			buildPhases = (
				27C58A39219B4CEF0036E0D0 /* Sources */,
				27C58A3A219B4CEF0036E0D0 /* Frameworks */,
				27C58A3B219B4CEF0036E0D0 /* Resources */,
			);
			buildRules = (
			);
			dependencies = (
			);
			name = SpriteUtility;
			productName = SpriteUtility;
			productReference = 27C58A3D219B4CEF0036E0D0 /* SpriteUtility.app */;
			productType = "com.apple.product-type.application";
		};
/* End PBXNativeTarget section */

/* Begin PBXProject section */
		27C58A35219B4CEF0036E0D0 /* Project object */ = {
			isa = PBXProject;
			attributes = {
				LastSwiftUpdateCheck = 1010;
				LastUpgradeCheck = 1010;
				ORGANIZATIONNAME = "Vijay Das";
				TargetAttributes = {
					27C58A3C219B4CEF0036E0D0 = {
						CreatedOnToolsVersion = 10.1;
					};
				};
			};
			buildConfigurationList = 27C58A38219B4CEF0036E0D0 /* Build configuration list for PBXProject "SpriteUtility" */;
			compatibilityVersion = "Xcode 9.3";
			developmentRegion = en;
			hasScannedForEncodings = 0;
			knownRegions = (
				en,
				Base,
			);
			mainGroup = 27C58A34219B4CEF0036E0D0;
			productRefGroup = 27C58A3E219B4CEF0036E0D0 /* Products */;
			projectDirPath = "";
			projectRoot = "";
			targets = (
				27C58A3C219B4CEF0036E0D0 /* SpriteUtility */,
			);
		};
/* End PBXProject section */

/* Begin PBXResourcesBuildPhase section */
		27C58A3B219B4CEF0036E0D0 /* Resources */ = {
			isa = PBXResourcesBuildPhase;
			buildActionMask = 2147483647;
			files = (
				27C58A4B219B4CF10036E0D0 /* LaunchScreen.storyboard in Resources */,
				27C58A55219B4D570036E0D0 /* Crab.xcassets in Resources */,
				27C58A48219B4CF10036E0D0 /* Assets.xcassets in Resources */,
				27C58A46219B4CEF0036E0D0 /* Main.storyboard in Resources */,
			);
			runOnlyForDeploymentPostprocessing = 0;
		};
/* End PBXResourcesBuildPhase section */

/* Begin PBXSourcesBuildPhase section */
		27C58A39219B4CEF0036E0D0 /* Sources */ = {
			isa = PBXSourcesBuildPhase;
			buildActionMask = 2147483647;
			files = (
				27C58A53219B4D430036E0D0 /* SKSpriteNode+Utility.swift in Sources */,
				27C58A57219B53740036E0D0 /* CustomScene.swift in Sources */,
				27C58A43219B4CEF0036E0D0 /* ViewController.swift in Sources */,
				27C58A41219B4CEF0036E0D0 /* AppDelegate.swift in Sources */,
			);
			runOnlyForDeploymentPostprocessing = 0;
		};
/* End PBXSourcesBuildPhase section */

/* Begin PBXVariantGroup section */
		27C58A44219B4CEF0036E0D0 /* Main.storyboard */ = {
			isa = PBXVariantGroup;
			children = (
				27C58A45219B4CEF0036E0D0 /* Base */,
			);
			name = Main.storyboard;
			sourceTree = "<group>";
		};
		27C58A49219B4CF10036E0D0 /* LaunchScreen.storyboard */ = {
			isa = PBXVariantGroup;
			children = (
				27C58A4A219B4CF10036E0D0 /* Base */,
			);
			name = LaunchScreen.storyboard;
			sourceTree = "<group>";
		};
/* End PBXVariantGroup section */

/* Begin XCBuildConfiguration section */
		27C58A4D219B4CF10036E0D0 /* Debug */ = {
			isa = XCBuildConfiguration;
			buildSettings = {
				ALWAYS_SEARCH_USER_PATHS = NO;
				CLANG_ANALYZER_NONNULL = YES;
				CLANG_ANALYZER_NUMBER_OBJECT_CONVERSION = YES_AGGRESSIVE;
				CLANG_CXX_LANGUAGE_STANDARD = "gnu++14";
				CLANG_CXX_LIBRARY = "libc++";
				CLANG_ENABLE_MODULES = YES;
				CLANG_ENABLE_OBJC_ARC = YES;
				CLANG_ENABLE_OBJC_WEAK = YES;
				CLANG_WARN_BLOCK_CAPTURE_AUTORELEASING = YES;
				CLANG_WARN_BOOL_CONVERSION = YES;
				CLANG_WARN_COMMA = YES;
				CLANG_WARN_CONSTANT_CONVERSION = YES;
				CLANG_WARN_DEPRECATED_OBJC_IMPLEMENTATIONS = YES;
				CLANG_WARN_DIRECT_OBJC_ISA_USAGE = YES_ERROR;
				CLANG_WARN_DOCUMENTATION_COMMENTS = YES;
				CLANG_WARN_EMPTY_BODY = YES;
				CLANG_WARN_ENUM_CONVERSION = YES;
				CLANG_WARN_INFINITE_RECURSION = YES;
				CLANG_WARN_INT_CONVERSION = YES;
				CLANG_WARN_NON_LITERAL_NULL_CONVERSION = YES;
				CLANG_WARN_OBJC_IMPLICIT_RETAIN_SELF = YES;
				CLANG_WARN_OBJC_LITERAL_CONVERSION = YES;
				CLANG_WARN_OBJC_ROOT_CLASS = YES_ERROR;
				CLANG_WARN_RANGE_LOOP_ANALYSIS = YES;
				CLANG_WARN_STRICT_PROTOTYPES = YES;
				CLANG_WARN_SUSPICIOUS_MOVE = YES;
				CLANG_WARN_UNGUARDED_AVAILABILITY = YES_AGGRESSIVE;
				CLANG_WARN_UNREACHABLE_CODE = YES;
				CLANG_WARN__DUPLICATE_METHOD_MATCH = YES;
				CODE_SIGN_IDENTITY = "iPhone Developer";
				COPY_PHASE_STRIP = NO;
				DEBUG_INFORMATION_FORMAT = dwarf;
				ENABLE_STRICT_OBJC_MSGSEND = YES;
				ENABLE_TESTABILITY = YES;
				GCC_C_LANGUAGE_STANDARD = gnu11;
				GCC_DYNAMIC_NO_PIC = NO;
				GCC_NO_COMMON_BLOCKS = YES;
				GCC_OPTIMIZATION_LEVEL = 0;
				GCC_PREPROCESSOR_DEFINITIONS = (
					"DEBUG=1",
					"$(inherited)",
				);
				GCC_WARN_64_TO_32_BIT_CONVERSION = YES;
				GCC_WARN_ABOUT_RETURN_TYPE = YES_ERROR;
				GCC_WARN_UNDECLARED_SELECTOR = YES;
				GCC_WARN_UNINITIALIZED_AUTOS = YES_AGGRESSIVE;
				GCC_WARN_UNUSED_FUNCTION = YES;
				GCC_WARN_UNUSED_VARIABLE = YES;
				IPHONEOS_DEPLOYMENT_TARGET = 12.1;
				MTL_ENABLE_DEBUG_INFO = INCLUDE_SOURCE;
				MTL_FAST_MATH = YES;
				ONLY_ACTIVE_ARCH = YES;
				SDKROOT = iphoneos;
				SWIFT_ACTIVE_COMPILATION_CONDITIONS = DEBUG;
				SWIFT_OPTIMIZATION_LEVEL = "-Onone";
			};
			name = Debug;
		};
		27C58A4E219B4CF10036E0D0 /* Release */ = {
			isa = XCBuildConfiguration;
			buildSettings = {
				ALWAYS_SEARCH_USER_PATHS = NO;
				CLANG_ANALYZER_NONNULL = YES;
				CLANG_ANALYZER_NUMBER_OBJECT_CONVERSION = YES_AGGRESSIVE;
				CLANG_CXX_LANGUAGE_STANDARD = "gnu++14";
				CLANG_CXX_LIBRARY = "libc++";
				CLANG_ENABLE_MODULES = YES;
				CLANG_ENABLE_OBJC_ARC = YES;
				CLANG_ENABLE_OBJC_WEAK = YES;
				CLANG_WARN_BLOCK_CAPTURE_AUTORELEASING = YES;
				CLANG_WARN_BOOL_CONVERSION = YES;
				CLANG_WARN_COMMA = YES;
				CLANG_WARN_CONSTANT_CONVERSION = YES;
				CLANG_WARN_DEPRECATED_OBJC_IMPLEMENTATIONS = YES;
				CLANG_WARN_DIRECT_OBJC_ISA_USAGE = YES_ERROR;
				CLANG_WARN_DOCUMENTATION_COMMENTS = YES;
				CLANG_WARN_EMPTY_BODY = YES;
				CLANG_WARN_ENUM_CONVERSION = YES;
				CLANG_WARN_INFINITE_RECURSION = YES;
				CLANG_WARN_INT_CONVERSION = YES;
				CLANG_WARN_NON_LITERAL_NULL_CONVERSION = YES;
				CLANG_WARN_OBJC_IMPLICIT_RETAIN_SELF = YES;
				CLANG_WARN_OBJC_LITERAL_CONVERSION = YES;
				CLANG_WARN_OBJC_ROOT_CLASS = YES_ERROR;
				CLANG_WARN_RANGE_LOOP_ANALYSIS = YES;
				CLANG_WARN_STRICT_PROTOTYPES = YES;
				CLANG_WARN_SUSPICIOUS_MOVE = YES;
				CLANG_WARN_UNGUARDED_AVAILABILITY = YES_AGGRESSIVE;
				CLANG_WARN_UNREACHABLE_CODE = YES;
				CLANG_WARN__DUPLICATE_METHOD_MATCH = YES;
				CODE_SIGN_IDENTITY = "iPhone Developer";
				COPY_PHASE_STRIP = NO;
				DEBUG_INFORMATION_FORMAT = "dwarf-with-dsym";
				ENABLE_NS_ASSERTIONS = NO;
				ENABLE_STRICT_OBJC_MSGSEND = YES;
				GCC_C_LANGUAGE_STANDARD = gnu11;
				GCC_NO_COMMON_BLOCKS = YES;
				GCC_WARN_64_TO_32_BIT_CONVERSION = YES;
				GCC_WARN_ABOUT_RETURN_TYPE = YES_ERROR;
				GCC_WARN_UNDECLARED_SELECTOR = YES;
				GCC_WARN_UNINITIALIZED_AUTOS = YES_AGGRESSIVE;
				GCC_WARN_UNUSED_FUNCTION = YES;
				GCC_WARN_UNUSED_VARIABLE = YES;
				IPHONEOS_DEPLOYMENT_TARGET = 12.1;
				MTL_ENABLE_DEBUG_INFO = NO;
				MTL_FAST_MATH = YES;
				SDKROOT = iphoneos;
				SWIFT_COMPILATION_MODE = wholemodule;
				SWIFT_OPTIMIZATION_LEVEL = "-O";
				VALIDATE_PRODUCT = YES;
			};
			name = Release;
		};
		27C58A50219B4CF10036E0D0 /* Debug */ = {
			isa = XCBuildConfiguration;
			buildSettings = {
				ASSETCATALOG_COMPILER_APPICON_NAME = AppIcon;
				CODE_SIGN_STYLE = Automatic;
				DEVELOPMENT_TEAM = F29U3VL727;
				INFOPLIST_FILE = SpriteUtility/Info.plist;
				LD_RUNPATH_SEARCH_PATHS = (
					"$(inherited)",
					"@executable_path/Frameworks",
				);
				PRODUCT_BUNDLE_IDENTIFIER = vijaydas.SpriteUtility;
				PRODUCT_NAME = "$(TARGET_NAME)";
				SWIFT_VERSION = 4.2;
				TARGETED_DEVICE_FAMILY = "1,2";
			};
			name = Debug;
		};
		27C58A51219B4CF10036E0D0 /* Release */ = {
			isa = XCBuildConfiguration;
			buildSettings = {
				ASSETCATALOG_COMPILER_APPICON_NAME = AppIcon;
				CODE_SIGN_STYLE = Automatic;
				DEVELOPMENT_TEAM = F29U3VL727;
				INFOPLIST_FILE = SpriteUtility/Info.plist;
				LD_RUNPATH_SEARCH_PATHS = (
					"$(inherited)",
					"@executable_path/Frameworks",
				);
				PRODUCT_BUNDLE_IDENTIFIER = vijaydas.SpriteUtility;
				PRODUCT_NAME = "$(TARGET_NAME)";
				SWIFT_VERSION = 4.2;
				TARGETED_DEVICE_FAMILY = "1,2";
			};
			name = Release;
		};
/* End XCBuildConfiguration section */

/* Begin XCConfigurationList section */
		27C58A38219B4CEF0036E0D0 /* Build configuration list for PBXProject "SpriteUtility" */ = {
			isa = XCConfigurationList;
			buildConfigurations = (
				27C58A4D219B4CF10036E0D0 /* Debug */,
				27C58A4E219B4CF10036E0D0 /* Release */,
			);
			defaultConfigurationIsVisible = 0;
			defaultConfigurationName = Release;
		};
		27C58A4F219B4CF10036E0D0 /* Build configuration list for PBXNativeTarget "SpriteUtility" */ = {
			isa = XCConfigurationList;
			buildConfigurations = (
				27C58A50219B4CF10036E0D0 /* Debug */,
				27C58A51219B4CF10036E0D0 /* Release */,
			);
			defaultConfigurationIsVisible = 0;
			defaultConfigurationName = Release;
		};
/* End XCConfigurationList section */
	};
	rootObject = 27C58A35219B4CEF0036E0D0 /* Project object */;
}
